{
    "_readme": [
        "This file locks the dependencies of your project to a known state",
        "Read more about it at https://getcomposer.org/doc/01-basic-usage.md#installing-dependencies",
        "This file is @generated automatically"
    ],
    "content-hash": "8b43c9e06b7922bb8295a4f32019dde6",
    "packages": [
        {
            "name": "psr/container",
            "version": "1.1.2",
            "source": {
                "type": "git",
                "url": "https://github.com/php-fig/container.git",
                "reference": "513e0666f7216c7459170d56df27dfcefe1689ea"
            },
            "dist": {
                "type": "zip",
                "url": "https://api.github.com/repos/php-fig/container/zipball/513e0666f7216c7459170d56df27dfcefe1689ea",
                "reference": "513e0666f7216c7459170d56df27dfcefe1689ea",
                "shasum": ""
            },
            "require": {
                "php": ">=7.4.0"
            },
            "type": "library",
            "autoload": {
                "psr-4": {
                    "Psr\\Container\\": "src/"
                }
            },
            "notification-url": "https://packagist.org/downloads/",
            "license": [
                "MIT"
            ],
            "authors": [
                {
                    "name": "PHP-FIG",
                    "homepage": "https://www.php-fig.org/"
                }
            ],
            "description": "Common Container Interface (PHP FIG PSR-11)",
            "homepage": "https://github.com/php-fig/container",
            "keywords": [
                "PSR-11",
                "container",
                "container-interface",
                "container-interop",
                "psr"
            ],
            "support": {
                "issues": "https://github.com/php-fig/container/issues",
                "source": "https://github.com/php-fig/container/tree/1.1.2"
            },
            "time": "2021-11-05T16:50:12+00:00"
        },
        {
            "name": "psr/http-message",
            "version": "1.1",
            "source": {
                "type": "git",
                "url": "https://github.com/php-fig/http-message.git",
                "reference": "cb6ce4845ce34a8ad9e68117c10ee90a29919eba"
            },
            "dist": {
                "type": "zip",
                "url": "https://api.github.com/repos/php-fig/http-message/zipball/cb6ce4845ce34a8ad9e68117c10ee90a29919eba",
                "reference": "cb6ce4845ce34a8ad9e68117c10ee90a29919eba",
                "shasum": ""
            },
            "require": {
                "php": "^7.2 || ^8.0"
            },
            "type": "library",
            "extra": {
                "branch-alias": {
                    "dev-master": "1.1.x-dev"
                }
            },
            "autoload": {
                "psr-4": {
                    "Psr\\Http\\Message\\": "src/"
                }
            },
            "notification-url": "https://packagist.org/downloads/",
            "license": [
                "MIT"
            ],
            "authors": [
                {
                    "name": "PHP-FIG",
                    "homepage": "http://www.php-fig.org/"
                }
            ],
            "description": "Common interface for HTTP messages",
            "homepage": "https://github.com/php-fig/http-message",
            "keywords": [
                "http",
                "http-message",
                "psr",
                "psr-7",
                "request",
                "response"
            ],
            "support": {
                "source": "https://github.com/php-fig/http-message/tree/1.1"
            },
            "time": "2023-04-04T09:50:52+00:00"
        },
        {
            "name": "psr/log",
            "version": "1.1.4",
            "source": {
                "type": "git",
                "url": "https://github.com/php-fig/log.git",
                "reference": "d49695b909c3b7628b6289db5479a1c204601f11"
            },
            "dist": {
                "type": "zip",
                "url": "https://api.github.com/repos/php-fig/log/zipball/d49695b909c3b7628b6289db5479a1c204601f11",
                "reference": "d49695b909c3b7628b6289db5479a1c204601f11",
                "shasum": ""
            },
            "require": {
                "php": ">=5.3.0"
            },
            "type": "library",
            "extra": {
                "branch-alias": {
                    "dev-master": "1.1.x-dev"
                }
            },
            "autoload": {
                "psr-4": {
                    "Psr\\Log\\": "Psr/Log/"
                }
            },
            "notification-url": "https://packagist.org/downloads/",
            "license": [
                "MIT"
            ],
            "authors": [
                {
                    "name": "PHP-FIG",
                    "homepage": "https://www.php-fig.org/"
                }
            ],
            "description": "Common interface for logging libraries",
            "homepage": "https://github.com/php-fig/log",
            "keywords": [
                "log",
                "psr",
                "psr-3"
            ],
            "support": {
                "source": "https://github.com/php-fig/log/tree/1.1.4"
            },
            "time": "2021-05-03T11:20:27+00:00"
        },
        {
            "name": "psr/simple-cache",
            "version": "1.0.1",
            "source": {
                "type": "git",
                "url": "https://github.com/php-fig/simple-cache.git",
                "reference": "408d5eafb83c57f6365a3ca330ff23aa4a5fa39b"
            },
            "dist": {
                "type": "zip",
                "url": "https://api.github.com/repos/php-fig/simple-cache/zipball/408d5eafb83c57f6365a3ca330ff23aa4a5fa39b",
                "reference": "408d5eafb83c57f6365a3ca330ff23aa4a5fa39b",
                "shasum": ""
            },
            "require": {
                "php": ">=5.3.0"
            },
            "type": "library",
            "extra": {
                "branch-alias": {
                    "dev-master": "1.0.x-dev"
                }
            },
            "autoload": {
                "psr-4": {
                    "Psr\\SimpleCache\\": "src/"
                }
            },
            "notification-url": "https://packagist.org/downloads/",
            "license": [
                "MIT"
            ],
            "authors": [
                {
                    "name": "PHP-FIG",
                    "homepage": "http://www.php-fig.org/"
                }
            ],
            "description": "Common interfaces for simple caching",
            "keywords": [
                "cache",
                "caching",
                "psr",
                "psr-16",
                "simple-cache"
            ],
            "support": {
                "source": "https://github.com/php-fig/simple-cache/tree/master"
            },
            "time": "2017-10-23T01:57:42+00:00"
        },
        {
            "name": "topthink/framework",
            "version": "v6.1.5",
            "source": {
                "type": "git",
                "url": "https://github.com/top-think/framework.git",
                "reference": "57d1950a1844ef8d3098ea290032aeb92e2e32c3"
            },
            "dist": {
                "type": "zip",
                "url": "https://api.github.com/repos/top-think/framework/zipball/57d1950a1844ef8d3098ea290032aeb92e2e32c3",
                "reference": "57d1950a1844ef8d3098ea290032aeb92e2e32c3",
                "shasum": ""
            },
            "require": {
                "ext-json": "*",
                "ext-mbstring": "*",
                "php": ">=7.2.5",
                "psr/container": "~1.0",
                "psr/http-message": "^1.0",
                "psr/log": "~1.0",
                "psr/simple-cache": "^1.0",
                "topthink/think-helper": "^3.1.1",
                "topthink/think-orm": "^2.0|^3.0"
            },
            "require-dev": {
                "guzzlehttp/psr7": "^2.1.0",
                "mikey179/vfsstream": "^1.6",
                "mockery/mockery": "^1.2",
                "phpunit/phpunit": "^7.0"
            },
            "type": "library",
            "autoload": {
                "files": [],
                "psr-4": {
                    "think\\": "src/think/"
                }
            },
            "notification-url": "https://packagist.org/downloads/",
            "license": [
                "Apache-2.0"
            ],
            "authors": [
                {
                    "name": "liu21st",
                    "email": "liu21st@gmail.com"
                },
                {
                    "name": "yunwuxin",
                    "email": "448901948@qq.com"
                }
            ],
            "description": "The ThinkPHP Framework.",
            "homepage": "http://thinkphp.cn/",
            "keywords": [
                "framework",
                "orm",
                "thinkphp"
            ],
            "support": {
                "issues": "https://github.com/top-think/framework/issues",
                "source": "https://github.com/top-think/framework/tree/v6.1.5"
            },
            "time": "2024-04-16T02:01:19+00:00"
        },
        {
            "name": "topthink/think-captcha",
            "version": "v3.0.11",
            "source": {
                "type": "git",
                "url": "https://github.com/top-think/think-captcha.git",
                "reference": "4f24f560a31011329e3d144732e5370d7676b3fb"
            },
            "dist": {
                "type": "zip",
                "url": "https://api.github.com/repos/top-think/think-captcha/zipball/4f24f560a31011329e3d144732e5370d7676b3fb",
                "reference": "4f24f560a31011329e3d144732e5370d7676b3fb",
                "shasum": ""
            },
            "require": {
                "topthink/framework": "^6.0|^8.0"
            },
            "type": "library",
            "extra": {
                "think": {
                    "config": {
                        "captcha": "src/config.php"
                    },
                    "services": [
                        "think\\captcha\\CaptchaService"
                    ]
                }
            },
            "autoload": {
                "files": [
                    "src/helper.php"
                ],
                "psr-4": {
                    "think\\captcha\\": "src/"
                }
            },
            "notification-url": "https://packagist.org/downloads/",
            "license": [
                "Apache-2.0"
            ],
            "authors": [
                {
                    "name": "yunwuxin",
                    "email": "448901948@qq.com"
                }
            ],
            "description": "captcha package for thinkphp",
            "support": {
                "issues": "https://github.com/top-think/think-captcha/issues",
                "source": "https://github.com/top-think/think-captcha/tree/v3.0.11"
            },
            "time": "2024-11-22T12:59:35+00:00"
        },
        {
            "name": "topthink/think-helper",
            "version": "v3.1.11",
            "source": {
                "type": "git",
                "url": "https://github.com/top-think/think-helper.git",
                "reference": "1d6ada9b9f3130046bf6922fe1bd159c8d88a33c"
            },
            "dist": {
                "type": "zip",
                "url": "https://api.github.com/repos/top-think/think-helper/zipball/1d6ada9b9f3130046bf6922fe1bd159c8d88a33c",
                "reference": "1d6ada9b9f3130046bf6922fe1bd159c8d88a33c",
                "shasum": ""
            },
            "require": {
                "php": ">=7.1.0"
            },
            "require-dev": {
                "phpunit/phpunit": "^9.5"
            },
            "type": "library",
            "autoload": {
                "files": [
                    "src/helper.php"
                ],
                "psr-4": {
                    "think\\": "src"
                }
            },
            "notification-url": "https://packagist.org/downloads/",
            "license": [
                "Apache-2.0"
            ],
            "authors": [
                {
                    "name": "yunwuxin",
                    "email": "448901948@qq.com"
                }
            ],
            "description": "The ThinkPHP6 Helper Package",
            "support": {
                "issues": "https://github.com/top-think/think-helper/issues",
                "source": "https://github.com/top-think/think-helper/tree/v3.1.11"
            },
            "time": "2025-04-07T06:55:59+00:00"
        },
        {
            "name": "topthink/think-image",
            "version": "v1.0.8",
            "source": {
                "type": "git",
                "url": "https://github.com/top-think/think-image.git",
                "reference": "d1d748cbb2fe2f29fca6138cf96cb8b5113892f1"
            },
            "dist": {
                "type": "zip",
                "url": "https://api.github.com/repos/top-think/think-image/zipball/d1d748cbb2fe2f29fca6138cf96cb8b5113892f1",
                "reference": "d1d748cbb2fe2f29fca6138cf96cb8b5113892f1",
                "shasum": ""
            },
            "require": {
                "ext-gd": "*"
            },
            "require-dev": {
                "phpunit/phpunit": "4.8.*",
                "topthink/framework": "^5.0"
            },
            "type": "library",
            "autoload": {
                "psr-4": {
                    "think\\": "src"
                }
            },
            "notification-url": "https://packagist.org/downloads/",
            "license": [
                "Apache-2.0"
            ],
            "authors": [
                {
                    "name": "yunwuxin",
                    "email": "448901948@qq.com"
                }
            ],
            "description": "The ThinkPHP5 Image Package",
            "support": {
                "issues": "https://github.com/top-think/think-image/issues",
                "source": "https://github.com/top-think/think-image/tree/v1.0.8"
            },
            "time": "2024-08-07T10:06:35+00:00"
        },
        {
            "name": "topthink/think-orm",
            "version": "v2.0.62",
            "source": {
                "type": "git",
                "url": "https://github.com/top-think/think-orm.git",
                "reference": "e53bfea572a133039ad687077120de5521af617f"
            },
            "dist": {
                "type": "zip",
                "url": "https://api.github.com/repos/top-think/think-orm/zipball/e53bfea572a133039ad687077120de5521af617f",
                "reference": "e53bfea572a133039ad687077120de5521af617f",
                "shasum": ""
            },
            "require": {
                "ext-json": "*",
                "ext-pdo": "*",
                "php": ">=7.1.0",
                "psr/log": "^1.0|^2.0",
                "psr/simple-cache": "^1.0|^2.0",
                "topthink/think-helper": "^3.1"
            },
            "require-dev": {
                "phpunit/phpunit": "^7|^8|^9.5"
            },
            "type": "library",
            "autoload": {
                "files": [
                    "stubs/load_stubs.php"
                ],
                "psr-4": {
                    "think\\": "src"
                }
            },
            "notification-url": "https://packagist.org/downloads/",
            "license": [
                "Apache-2.0"
            ],
            "authors": [
                {
                    "name": "liu21st",
                    "email": "liu21st@gmail.com"
                }
            ],
            "description": "think orm",
            "keywords": [
                "database",
                "orm"
            ],
            "support": {
                "issues": "https://github.com/top-think/think-orm/issues",
                "source": "https://github.com/top-think/think-orm/tree/v2.0.62"
            },
            "time": "2024-09-22T06:17:47+00:00"
        },
        {
            "name": "topthink/think-template",
            "version": "v2.0.10",
            "source": {
                "type": "git",
                "url": "https://github.com/top-think/think-template.git",
                "reference": "2b28c9f787c94f6c22312c9fe97dd3d926c03e1c"
            },
            "dist": {
                "type": "zip",
                "url": "https://api.github.com/repos/top-think/think-template/zipball/2b28c9f787c94f6c22312c9fe97dd3d926c03e1c",
                "reference": "2b28c9f787c94f6c22312c9fe97dd3d926c03e1c",
                "shasum": ""
            },
            "require": {
                "php": ">=7.1.0",
                "psr/simple-cache": "^1.0"
            },
            "type": "library",
            "autoload": {
                "psr-4": {
                    "think\\": "src"
                }
            },
            "notification-url": "https://packagist.org/downloads/",
            "license": [
                "Apache-2.0"
            ],
            "authors": [
                {
                    "name": "liu21st",
                    "email": "liu21st@gmail.com"
                }
            ],
            "description": "the php template engine",
            "support": {
                "issues": "https://github.com/top-think/think-template/issues",
                "source": "https://github.com/top-think/think-template/tree/v2.0.10"
            },
            "time": "2024-08-12T05:48:57+00:00"
        },
        {
            "name": "topthink/think-view",
            "version": "v1.0.14",
            "source": {
                "type": "git",
                "url": "https://github.com/top-think/think-view.git",
                "reference": "edce0ae2c9551ab65f9e94a222604b0dead3576d"
            },
            "dist": {
                "type": "zip",
                "url": "https://api.github.com/repos/top-think/think-view/zipball/edce0ae2c9551ab65f9e94a222604b0dead3576d",
                "reference": "edce0ae2c9551ab65f9e94a222604b0dead3576d",
                "shasum": ""
            },
            "require": {
                "php": ">=7.1.0",
                "topthink/think-template": "^2.0"
            },
            "type": "library",
            "autoload": {
                "psr-4": {
                    "think\\view\\driver\\": "src"
                }
            },
            "notification-url": "https://packagist.org/downloads/",
            "license": [
                "Apache-2.0"
            ],
            "authors": [
                {
                    "name": "liu21st",
                    "email": "liu21st@gmail.com"
                }
            ],
            "description": "thinkphp template driver",
            "support": {
                "issues": "https://github.com/top-think/think-view/issues",
                "source": "https://github.com/top-think/think-view/tree/v1.0.14"
            },
            "time": "2019-11-06T11:40:13+00:00"
        }
    ],
    "packages-dev": [],
    "aliases": [],
    "minimum-stability": "stable",
    "stability-flags": {},
    "prefer-stable": false,
    "prefer-lowest": false,
    "platform": {
        "php": ">=7.4.0"
    },
    "platform-dev": {},
    "plugin-api-version": "2.6.0"
}
